
Microsoft Visual Studio Solution File, Format Version 12.00
# Visual Studio Version 17
VisualStudioVersion = 17.7.34024.191
MinimumVisualStudioVersion = 10.0.40219.1
Project("{FAE04EC0-301F-11D3-BF4B-00C04F79EFBC}") = "Ex13", "Ex13\Ex13.csproj", "{EE3C702F-35B6-46F3-AC03-A291D024A787}"
EndProject
Global
	GlobalSection(SolutionConfigurationPlatforms) = preSolution
		Debug|Any CPU = Debug|Any CPU
		Release|Any CPU = Release|Any CPU
	EndGlobalSection
	GlobalSection(ProjectConfigurationPlatforms) = postSolution
		{EE3C702F-35B6-46F3-AC03-A291D024A787}.Debug|Any CPU.ActiveCfg = Debug|Any CPU
		{EE3C702F-35B6-46F3-AC03-A291D024A787}.Debug|Any CPU.Build.0 = Debug|Any CPU
		{EE3C702F-35B6-46F3-AC03-A291D024A787}.Release|Any CPU.ActiveCfg = Release|Any CPU
		{EE3C702F-35B6-46F3-AC03-A291D024A787}.Release|Any CPU.Build.0 = Release|Any CPU
	EndGlobalSection
	GlobalSection(SolutionProperties) = preSolution
		HideSolutionNode = FALSE
	EndGlobalSection
	GlobalSection(ExtensibilityGlobals) = postSolution
		SolutionGuid = {7633DAA7-D47E-4C43-B21E-5F73711685FC}
	EndGlobalSection
EndGlobal
