
Microsoft Visual Studio Solution File, Format Version 12.00
# Visual Studio Version 17
VisualStudioVersion = 17.7.34024.191
MinimumVisualStudioVersion = 10.0.40219.1
Project("{FAE04EC0-301F-11D3-BF4B-00C04F79EFBC}") = "Ex15", "Ex15\Ex15.csproj", "{02134C99-9AE2-408E-ABBB-1FA64B97B5D3}"
EndProject
Global
	GlobalSection(SolutionConfigurationPlatforms) = preSolution
		Debug|Any CPU = Debug|Any CPU
		Release|Any CPU = Release|Any CPU
	EndGlobalSection
	GlobalSection(ProjectConfigurationPlatforms) = postSolution
		{02134C99-9AE2-408E-ABBB-1FA64B97B5D3}.Debug|Any CPU.ActiveCfg = Debug|Any CPU
		{02134C99-9AE2-408E-ABBB-1FA64B97B5D3}.Debug|Any CPU.Build.0 = Debug|Any CPU
		{02134C99-9AE2-408E-ABBB-1FA64B97B5D3}.Release|Any CPU.ActiveCfg = Release|Any CPU
		{02134C99-9AE2-408E-ABBB-1FA64B97B5D3}.Release|Any CPU.Build.0 = Release|Any CPU
	EndGlobalSection
	GlobalSection(SolutionProperties) = preSolution
		HideSolutionNode = FALSE
	EndGlobalSection
	GlobalSection(ExtensibilityGlobals) = postSolution
		SolutionGuid = {9659F9DE-2C83-4414-B5B3-DFDCF04BDAE8}
	EndGlobalSection
EndGlobal
