
Microsoft Visual Studio Solution File, Format Version 12.00
# Visual Studio Version 17
VisualStudioVersion = 17.7.34024.191
MinimumVisualStudioVersion = 10.0.40219.1
Project("{FAE04EC0-301F-11D3-BF4B-00C04F79EFBC}") = "Ex07", "Ex07\Ex07.csproj", "{49C7727A-A624-4D44-9F6C-F90A8AAD54DD}"
EndProject
Global
	GlobalSection(SolutionConfigurationPlatforms) = preSolution
		Debug|Any CPU = Debug|Any CPU
		Release|Any CPU = Release|Any CPU
	EndGlobalSection
	GlobalSection(ProjectConfigurationPlatforms) = postSolution
		{49C7727A-A624-4D44-9F6C-F90A8AAD54DD}.Debug|Any CPU.ActiveCfg = Debug|Any CPU
		{49C7727A-A624-4D44-9F6C-F90A8AAD54DD}.Debug|Any CPU.Build.0 = Debug|Any CPU
		{49C7727A-A624-4D44-9F6C-F90A8AAD54DD}.Release|Any CPU.ActiveCfg = Release|Any CPU
		{49C7727A-A624-4D44-9F6C-F90A8AAD54DD}.Release|Any CPU.Build.0 = Release|Any CPU
	EndGlobalSection
	GlobalSection(SolutionProperties) = preSolution
		HideSolutionNode = FALSE
	EndGlobalSection
	GlobalSection(ExtensibilityGlobals) = postSolution
		SolutionGuid = {FF8C615E-5A20-4459-8196-B7318B580C11}
	EndGlobalSection
EndGlobal
